
Microsoft Visual Studio Solution File, Format Version 12.00
# Visual Studio Version 16
VisualStudioVersion = 16.0.31515.178
MinimumVisualStudioVersion = 10.0.40219.1
Project("{8BC9CEB8-8B4A-11D0-8D11-00A0C91BC942}") = "lab1", "lab1\lab1.vcxproj", "{2A5A0B9A-E170-47E1-B283-B03936DE24CF}"
EndProject
Project("{8BC9CEB8-8B4A-11D0-8D11-00A0C91BC942}") = "lab2", "lab2\lab2.vcxproj", "{ACB3D75D-9E91-4386-BE91-4DC72F472DB3}"
EndProject
Project("{8BC9CEB8-8B4A-11D0-8D11-00A0C91BC942}") = "lab3", "lab3\lab3.vcxproj", "{132B18F6-B1F7-4489-98DD-2B43102B7473}"
EndProject
Project("{8BC9CEB8-8B4A-11D0-8D11-00A0C91BC942}") = "lab4", "lab4\lab4.vcxproj", "{45709F92-950F-4B96-95A9-EA2CB95CF55B}"
EndProject
Project("{8BC9CEB8-8B4A-11D0-8D11-00A0C91BC942}") = "lab5", "lab5\lab5.vcxproj", "{D3B08F35-C584-45A0-A90C-88F12CB2B09C}"
EndProject
Project("{8BC9CEB8-8B4A-11D0-8D11-00A0C91BC942}") = "lab6", "lab6\lab6.vcxproj", "{FFF42564-1229-4D25-866D-69551D8B05DA}"
EndProject
Global
	GlobalSection(SolutionConfigurationPlatforms) = preSolution
		Debug|x64 = Debug|x64
		Debug|x86 = Debug|x86
		Release|x64 = Release|x64
		Release|x86 = Release|x86
	EndGlobalSection
	GlobalSection(ProjectConfigurationPlatforms) = postSolution
		{2A5A0B9A-E170-47E1-B283-B03936DE24CF}.Debug|x64.ActiveCfg = Debug|x64
		{2A5A0B9A-E170-47E1-B283-B03936DE24CF}.Debug|x64.Build.0 = Debug|x64
		{2A5A0B9A-E170-47E1-B283-B03936DE24CF}.Debug|x86.ActiveCfg = Debug|Win32
		{2A5A0B9A-E170-47E1-B283-B03936DE24CF}.Debug|x86.Build.0 = Debug|Win32
		{2A5A0B9A-E170-47E1-B283-B03936DE24CF}.Release|x64.ActiveCfg = Release|x64
		{2A5A0B9A-E170-47E1-B283-B03936DE24CF}.Release|x64.Build.0 = Release|x64
		{2A5A0B9A-E170-47E1-B283-B03936DE24CF}.Release|x86.ActiveCfg = Release|Win32
		{2A5A0B9A-E170-47E1-B283-B03936DE24CF}.Release|x86.Build.0 = Release|Win32
		{ACB3D75D-9E91-4386-BE91-4DC72F472DB3}.Debug|x64.ActiveCfg = Debug|x64
		{ACB3D75D-9E91-4386-BE91-4DC72F472DB3}.Debug|x64.Build.0 = Debug|x64
		{ACB3D75D-9E91-4386-BE91-4DC72F472DB3}.Debug|x86.ActiveCfg = Debug|Win32
		{ACB3D75D-9E91-4386-BE91-4DC72F472DB3}.Debug|x86.Build.0 = Debug|Win32
		{ACB3D75D-9E91-4386-BE91-4DC72F472DB3}.Release|x64.ActiveCfg = Release|x64
		{ACB3D75D-9E91-4386-BE91-4DC72F472DB3}.Release|x64.Build.0 = Release|x64
		{ACB3D75D-9E91-4386-BE91-4DC72F472DB3}.Release|x86.ActiveCfg = Release|Win32
		{ACB3D75D-9E91-4386-BE91-4DC72F472DB3}.Release|x86.Build.0 = Release|Win32
		{132B18F6-B1F7-4489-98DD-2B43102B7473}.Debug|x64.ActiveCfg = Debug|x64
		{132B18F6-B1F7-4489-98DD-2B43102B7473}.Debug|x64.Build.0 = Debug|x64
		{132B18F6-B1F7-4489-98DD-2B43102B7473}.Debug|x86.ActiveCfg = Debug|Win32
		{132B18F6-B1F7-4489-98DD-2B43102B7473}.Debug|x86.Build.0 = Debug|Win32
		{132B18F6-B1F7-4489-98DD-2B43102B7473}.Release|x64.ActiveCfg = Release|x64
		{132B18F6-B1F7-4489-98DD-2B43102B7473}.Release|x64.Build.0 = Release|x64
		{132B18F6-B1F7-4489-98DD-2B43102B7473}.Release|x86.ActiveCfg = Release|Win32
		{132B18F6-B1F7-4489-98DD-2B43102B7473}.Release|x86.Build.0 = Release|Win32
		{45709F92-950F-4B96-95A9-EA2CB95CF55B}.Debug|x64.ActiveCfg = Debug|x64
		{45709F92-950F-4B96-95A9-EA2CB95CF55B}.Debug|x64.Build.0 = Debug|x64
		{45709F92-950F-4B96-95A9-EA2CB95CF55B}.Debug|x86.ActiveCfg = Debug|Win32
		{45709F92-950F-4B96-95A9-EA2CB95CF55B}.Debug|x86.Build.0 = Debug|Win32
		{45709F92-950F-4B96-95A9-EA2CB95CF55B}.Release|x64.ActiveCfg = Release|x64
		{45709F92-950F-4B96-95A9-EA2CB95CF55B}.Release|x64.Build.0 = Release|x64
		{45709F92-950F-4B96-95A9-EA2CB95CF55B}.Release|x86.ActiveCfg = Release|Win32
		{45709F92-950F-4B96-95A9-EA2CB95CF55B}.Release|x86.Build.0 = Release|Win32
		{D3B08F35-C584-45A0-A90C-88F12CB2B09C}.Debug|x64.ActiveCfg = Debug|x64
		{D3B08F35-C584-45A0-A90C-88F12CB2B09C}.Debug|x64.Build.0 = Debug|x64
		{D3B08F35-C584-45A0-A90C-88F12CB2B09C}.Debug|x86.ActiveCfg = Debug|Win32
		{D3B08F35-C584-45A0-A90C-88F12CB2B09C}.Debug|x86.Build.0 = Debug|Win32
		{D3B08F35-C584-45A0-A90C-88F12CB2B09C}.Release|x64.ActiveCfg = Release|x64
		{D3B08F35-C584-45A0-A90C-88F12CB2B09C}.Release|x64.Build.0 = Release|x64
		{D3B08F35-C584-45A0-A90C-88F12CB2B09C}.Release|x86.ActiveCfg = Release|Win32
		{D3B08F35-C584-45A0-A90C-88F12CB2B09C}.Release|x86.Build.0 = Release|Win32
		{FFF42564-1229-4D25-866D-69551D8B05DA}.Debug|x64.ActiveCfg = Debug|x64
		{FFF42564-1229-4D25-866D-69551D8B05DA}.Debug|x64.Build.0 = Debug|x64
		{FFF42564-1229-4D25-866D-69551D8B05DA}.Debug|x86.ActiveCfg = Debug|Win32
		{FFF42564-1229-4D25-866D-69551D8B05DA}.Debug|x86.Build.0 = Debug|Win32
		{FFF42564-1229-4D25-866D-69551D8B05DA}.Release|x64.ActiveCfg = Release|x64
		{FFF42564-1229-4D25-866D-69551D8B05DA}.Release|x64.Build.0 = Release|x64
		{FFF42564-1229-4D25-866D-69551D8B05DA}.Release|x86.ActiveCfg = Release|Win32
		{FFF42564-1229-4D25-866D-69551D8B05DA}.Release|x86.Build.0 = Release|Win32
	EndGlobalSection
	GlobalSection(SolutionProperties) = preSolution
		HideSolutionNode = FALSE
	EndGlobalSection
	GlobalSection(ExtensibilityGlobals) = postSolution
		SolutionGuid = {2DD1D3D4-D310-41AB-B10F-14B525BBE772}
	EndGlobalSection
EndGlobal
